
Microsoft Visual Studio Solution File, Format Version 12.00
# Visual Studio 15
VisualStudioVersion = 15.0.28010.2026
MinimumVisualStudioVersion = 10.0.40219.1
Project("{FAE04EC0-301F-11D3-BF4B-00C04F79EFBC}") = "AlgoritimoDeOrdenacao", "AlgoritimoDeOrdenacao\AlgoritimoDeOrdenacao.csproj", "{3142E166-CB80-40B4-8643-162DF70E9132}"
EndProject
Global
	GlobalSection(SolutionConfigurationPlatforms) = preSolution
		Debug|Any CPU = Debug|Any CPU
		Release|Any CPU = Release|Any CPU
	EndGlobalSection
	GlobalSection(ProjectConfigurationPlatforms) = postSolution
		{3142E166-CB80-40B4-8643-162DF70E9132}.Debug|Any CPU.ActiveCfg = Debug|Any CPU
		{3142E166-CB80-40B4-8643-162DF70E9132}.Debug|Any CPU.Build.0 = Debug|Any CPU
		{3142E166-CB80-40B4-8643-162DF70E9132}.Release|Any CPU.ActiveCfg = Release|Any CPU
		{3142E166-CB80-40B4-8643-162DF70E9132}.Release|Any CPU.Build.0 = Release|Any CPU
	EndGlobalSection
	GlobalSection(SolutionProperties) = preSolution
		HideSolutionNode = FALSE
	EndGlobalSection
	GlobalSection(ExtensibilityGlobals) = postSolution
		SolutionGuid = {CA86FF6D-57F9-4EDC-B569-B151A492B6B0}
	EndGlobalSection
EndGlobal
